
Microsoft Visual Studio Solution File, Format Version 12.00
# Visual Studio Version 16
VisualStudioVersion = 16.0.29230.47
MinimumVisualStudioVersion = 10.0.40219.1
Project("{2150E333-8FDC-42A3-9474-1A3956D46DE8}") = "MST.IDP", "MST.IDP", "{9A2C4C4E-D0A3-46ED-8F75-51DE1110CA36}"
EndProject
Project("{9A19103F-16F7-4668-BE54-9A1E7A4F7556}") = "MST.IDP.Admin", "MST.IDP\MST.IDP.Admin\MST.IDP.Admin.csproj", "{546A0878-2043-4DA5-B67D-7D55153BF42F}"
EndProject
Project("{9A19103F-16F7-4668-BE54-9A1E7A4F7556}") = "MST.IDP.Admin.Api", "MST.IDP\MST.IDP.Admin.Api\MST.IDP.Admin.Api.csproj", "{1AA77350-E557-43A7-886D-5F818E7E82E1}"
EndProject
Project("{9A19103F-16F7-4668-BE54-9A1E7A4F7556}") = "MST.IDP.Admin.EntityFramework.Shared", "MST.IDP\MST.IDP.Admin.EntityFramework.Shared\MST.IDP.Admin.EntityFramework.Shared.csproj", "{E2DF2EA7-1B60-4749-B135-177CB436F59A}"
EndProject
Project("{9A19103F-16F7-4668-BE54-9A1E7A4F7556}") = "MST.IDP.STS.Identity", "MST.IDP\MST.IDP.STS.Identity\MST.IDP.STS.Identity.csproj", "{0572FD6F-8F1E-428A-9FA2-6F4914F5F99B}"
EndProject
Project("{2150E333-8FDC-42A3-9474-1A3956D46DE8}") = "MST.MCB.API", "MST.MCB.API", "{6958156D-AEEA-4E48-9D85-12EBE9455C70}"
EndProject
Project("{9A19103F-16F7-4668-BE54-9A1E7A4F7556}") = "MCB.Api", "MCB.Api\MCB.Api.csproj", "{F06E2668-E5DB-4783-A8E4-8B42302C08A0}"
EndProject
Project("{2150E333-8FDC-42A3-9474-1A3956D46DE8}") = "MST.MCB.DATA", "MST.MCB.DATA", "{647AD50F-12EC-461D-ACC6-FDFEFBD4D81D}"
EndProject
Project("{9A19103F-16F7-4668-BE54-9A1E7A4F7556}") = "MCB.Data", "MCB.Data\MCB.Data.csproj", "{1599E438-54D3-4FB5-832F-7121A6C2B3A4}"
EndProject
Project("{9A19103F-16F7-4668-BE54-9A1E7A4F7556}") = "MCB.Data.Domain", "MCB.Data.Domain\MCB.Data.Domain.csproj", "{03501C91-36AF-4C92-9C63-D659E62C661A}"
EndProject
Project("{2150E333-8FDC-42A3-9474-1A3956D46DE8}") = "MST.MCB.BUSINESS", "MST.MCB.BUSINESS", "{2C165B32-BEF8-46D8-80AE-1414887C8283}"
EndProject
Project("{9A19103F-16F7-4668-BE54-9A1E7A4F7556}") = "MCB.Business.CoreHelper", "MCB.Business.CoreHelper\MCB.Business.CoreHelper.csproj", "{CDDA54F7-3B49-4968-BA83-2F78E996C773}"
EndProject
Project("{9A19103F-16F7-4668-BE54-9A1E7A4F7556}") = "MCB.Business.Models", "MCB.Business.Models\MCB.Business.Models.csproj", "{5F33DD1E-68DB-4C65-8C6A-2BEE1F3CD9D1}"
EndProject
Project("{2150E333-8FDC-42A3-9474-1A3956D46DE8}") = "MST.MCB.TESTS", "MST.MCB.TESTS", "{CA487090-36C0-4EF6-8E28-BBE2E272EB71}"
EndProject
Project("{9A19103F-16F7-4668-BE54-9A1E7A4F7556}") = "MCB.Tests.Data", "MCB.Tests.Data\MCB.Tests.Data.csproj", "{3694F0C6-DDCD-49E1-9D14-21C7AC9D88F2}"
EndProject
Global
	GlobalSection(SolutionConfigurationPlatforms) = preSolution
		Debug|Any CPU = Debug|Any CPU
		Release|Any CPU = Release|Any CPU
	EndGlobalSection
	GlobalSection(ProjectConfigurationPlatforms) = postSolution
		{546A0878-2043-4DA5-B67D-7D55153BF42F}.Debug|Any CPU.ActiveCfg = Debug|Any CPU
		{546A0878-2043-4DA5-B67D-7D55153BF42F}.Debug|Any CPU.Build.0 = Debug|Any CPU
		{546A0878-2043-4DA5-B67D-7D55153BF42F}.Release|Any CPU.ActiveCfg = Release|Any CPU
		{546A0878-2043-4DA5-B67D-7D55153BF42F}.Release|Any CPU.Build.0 = Release|Any CPU
		{1AA77350-E557-43A7-886D-5F818E7E82E1}.Debug|Any CPU.ActiveCfg = Debug|Any CPU
		{1AA77350-E557-43A7-886D-5F818E7E82E1}.Debug|Any CPU.Build.0 = Debug|Any CPU
		{1AA77350-E557-43A7-886D-5F818E7E82E1}.Release|Any CPU.ActiveCfg = Release|Any CPU
		{1AA77350-E557-43A7-886D-5F818E7E82E1}.Release|Any CPU.Build.0 = Release|Any CPU
		{E2DF2EA7-1B60-4749-B135-177CB436F59A}.Debug|Any CPU.ActiveCfg = Debug|Any CPU
		{E2DF2EA7-1B60-4749-B135-177CB436F59A}.Debug|Any CPU.Build.0 = Debug|Any CPU
		{E2DF2EA7-1B60-4749-B135-177CB436F59A}.Release|Any CPU.ActiveCfg = Release|Any CPU
		{E2DF2EA7-1B60-4749-B135-177CB436F59A}.Release|Any CPU.Build.0 = Release|Any CPU
		{0572FD6F-8F1E-428A-9FA2-6F4914F5F99B}.Debug|Any CPU.ActiveCfg = Debug|Any CPU
		{0572FD6F-8F1E-428A-9FA2-6F4914F5F99B}.Debug|Any CPU.Build.0 = Debug|Any CPU
		{0572FD6F-8F1E-428A-9FA2-6F4914F5F99B}.Release|Any CPU.ActiveCfg = Release|Any CPU
		{0572FD6F-8F1E-428A-9FA2-6F4914F5F99B}.Release|Any CPU.Build.0 = Release|Any CPU
		{F06E2668-E5DB-4783-A8E4-8B42302C08A0}.Debug|Any CPU.ActiveCfg = Debug|Any CPU
		{F06E2668-E5DB-4783-A8E4-8B42302C08A0}.Debug|Any CPU.Build.0 = Debug|Any CPU
		{F06E2668-E5DB-4783-A8E4-8B42302C08A0}.Release|Any CPU.ActiveCfg = Release|Any CPU
		{F06E2668-E5DB-4783-A8E4-8B42302C08A0}.Release|Any CPU.Build.0 = Release|Any CPU
		{1599E438-54D3-4FB5-832F-7121A6C2B3A4}.Debug|Any CPU.ActiveCfg = Debug|Any CPU
		{1599E438-54D3-4FB5-832F-7121A6C2B3A4}.Debug|Any CPU.Build.0 = Debug|Any CPU
		{1599E438-54D3-4FB5-832F-7121A6C2B3A4}.Release|Any CPU.ActiveCfg = Release|Any CPU
		{1599E438-54D3-4FB5-832F-7121A6C2B3A4}.Release|Any CPU.Build.0 = Release|Any CPU
		{03501C91-36AF-4C92-9C63-D659E62C661A}.Debug|Any CPU.ActiveCfg = Debug|Any CPU
		{03501C91-36AF-4C92-9C63-D659E62C661A}.Debug|Any CPU.Build.0 = Debug|Any CPU
		{03501C91-36AF-4C92-9C63-D659E62C661A}.Release|Any CPU.ActiveCfg = Release|Any CPU
		{03501C91-36AF-4C92-9C63-D659E62C661A}.Release|Any CPU.Build.0 = Release|Any CPU
		{CDDA54F7-3B49-4968-BA83-2F78E996C773}.Debug|Any CPU.ActiveCfg = Debug|Any CPU
		{CDDA54F7-3B49-4968-BA83-2F78E996C773}.Debug|Any CPU.Build.0 = Debug|Any CPU
		{CDDA54F7-3B49-4968-BA83-2F78E996C773}.Release|Any CPU.ActiveCfg = Release|Any CPU
		{CDDA54F7-3B49-4968-BA83-2F78E996C773}.Release|Any CPU.Build.0 = Release|Any CPU
		{5F33DD1E-68DB-4C65-8C6A-2BEE1F3CD9D1}.Debug|Any CPU.ActiveCfg = Debug|Any CPU
		{5F33DD1E-68DB-4C65-8C6A-2BEE1F3CD9D1}.Debug|Any CPU.Build.0 = Debug|Any CPU
		{5F33DD1E-68DB-4C65-8C6A-2BEE1F3CD9D1}.Release|Any CPU.ActiveCfg = Release|Any CPU
		{5F33DD1E-68DB-4C65-8C6A-2BEE1F3CD9D1}.Release|Any CPU.Build.0 = Release|Any CPU
		{3694F0C6-DDCD-49E1-9D14-21C7AC9D88F2}.Debug|Any CPU.ActiveCfg = Debug|Any CPU
		{3694F0C6-DDCD-49E1-9D14-21C7AC9D88F2}.Debug|Any CPU.Build.0 = Debug|Any CPU
		{3694F0C6-DDCD-49E1-9D14-21C7AC9D88F2}.Release|Any CPU.ActiveCfg = Release|Any CPU
		{3694F0C6-DDCD-49E1-9D14-21C7AC9D88F2}.Release|Any CPU.Build.0 = Release|Any CPU
	EndGlobalSection
	GlobalSection(SolutionProperties) = preSolution
		HideSolutionNode = FALSE
	EndGlobalSection
	GlobalSection(NestedProjects) = preSolution
		{546A0878-2043-4DA5-B67D-7D55153BF42F} = {9A2C4C4E-D0A3-46ED-8F75-51DE1110CA36}
		{1AA77350-E557-43A7-886D-5F818E7E82E1} = {9A2C4C4E-D0A3-46ED-8F75-51DE1110CA36}
		{E2DF2EA7-1B60-4749-B135-177CB436F59A} = {9A2C4C4E-D0A3-46ED-8F75-51DE1110CA36}
		{0572FD6F-8F1E-428A-9FA2-6F4914F5F99B} = {9A2C4C4E-D0A3-46ED-8F75-51DE1110CA36}
		{F06E2668-E5DB-4783-A8E4-8B42302C08A0} = {6958156D-AEEA-4E48-9D85-12EBE9455C70}
		{1599E438-54D3-4FB5-832F-7121A6C2B3A4} = {647AD50F-12EC-461D-ACC6-FDFEFBD4D81D}
		{03501C91-36AF-4C92-9C63-D659E62C661A} = {647AD50F-12EC-461D-ACC6-FDFEFBD4D81D}
		{CDDA54F7-3B49-4968-BA83-2F78E996C773} = {2C165B32-BEF8-46D8-80AE-1414887C8283}
		{5F33DD1E-68DB-4C65-8C6A-2BEE1F3CD9D1} = {2C165B32-BEF8-46D8-80AE-1414887C8283}
		{3694F0C6-DDCD-49E1-9D14-21C7AC9D88F2} = {CA487090-36C0-4EF6-8E28-BBE2E272EB71}
	EndGlobalSection
	GlobalSection(ExtensibilityGlobals) = postSolution
		SolutionGuid = {6DCA0696-0DD5-4784-A0F6-C29964B1E789}
	EndGlobalSection
EndGlobal
