
Microsoft Visual Studio Solution File, Format Version 12.00
# Visual Studio Version 16
VisualStudioVersion = 16.0.29230.47
MinimumVisualStudioVersion = 10.0.40219.1
Project("{2150E333-8FDC-42A3-9474-1A3956D46DE8}") = "MST.IDP", "MST.IDP", "{9A2C4C4E-D0A3-46ED-8F75-51DE1110CA36}"
EndProject
Project("{9A19103F-16F7-4668-BE54-9A1E7A4F7556}") = "MST.IDP.Admin", "MST.IDP\MST.IDP.Admin\MST.IDP.Admin.csproj", "{546A0878-2043-4DA5-B67D-7D55153BF42F}"
EndProject
Project("{9A19103F-16F7-4668-BE54-9A1E7A4F7556}") = "MST.IDP.Admin.Api", "MST.IDP\MST.IDP.Admin.Api\MST.IDP.Admin.Api.csproj", "{1AA77350-E557-43A7-886D-5F818E7E82E1}"
EndProject
Project("{9A19103F-16F7-4668-BE54-9A1E7A4F7556}") = "MST.IDP.Admin.EntityFramework.Shared", "MST.IDP\MST.IDP.Admin.EntityFramework.Shared\MST.IDP.Admin.EntityFramework.Shared.csproj", "{E2DF2EA7-1B60-4749-B135-177CB436F59A}"
EndProject
Project("{9A19103F-16F7-4668-BE54-9A1E7A4F7556}") = "MST.IDP.STS.Identity", "MST.IDP\MST.IDP.STS.Identity\MST.IDP.STS.Identity.csproj", "{0572FD6F-8F1E-428A-9FA2-6F4914F5F99B}"
EndProject
Project("{2150E333-8FDC-42A3-9474-1A3956D46DE8}") = "MST.MCB.API", "MST.MCB.API", "{6958156D-AEEA-4E48-9D85-12EBE9455C70}"
EndProject
Project("{9A19103F-16F7-4668-BE54-9A1E7A4F7556}") = "MCB.Api", "MCB.Api\MCB.Api.csproj", "{F06E2668-E5DB-4783-A8E4-8B42302C08A0}"
EndProject
Project("{2150E333-8FDC-42A3-9474-1A3956D46DE8}") = "MST.MCB.DATA", "MST.MCB.DATA", "{647AD50F-12EC-461D-ACC6-FDFEFBD4D81D}"
EndProject
Project("{9A19103F-16F7-4668-BE54-9A1E7A4F7556}") = "MCB.Data", "MCB.Data\MCB.Data.csproj", "{1599E438-54D3-4FB5-832F-7121A6C2B3A4}"
EndProject
Project("{9A19103F-16F7-4668-BE54-9A1E7A4F7556}") = "MCB.Data.Domain", "MCB.Data.Domain\MCB.Data.Domain.csproj", "{03501C91-36AF-4C92-9C63-D659E62C661A}"
EndProject
Project("{2150E333-8FDC-42A3-9474-1A3956D46DE8}") = "MST.MCB.BUSINESS", "MST.MCB.BUSINESS", "{2C165B32-BEF8-46D8-80AE-1414887C8283}"
EndProject
Project("{9A19103F-16F7-4668-BE54-9A1E7A4F7556}") = "MCB.Business.CoreHelper", "MCB.Business.CoreHelper\MCB.Business.CoreHelper.csproj", "{CDDA54F7-3B49-4968-BA83-2F78E996C773}"
EndProject
Project("{9A19103F-16F7-4668-BE54-9A1E7A4F7556}") = "MCB.Business.Models", "MCB.Business.Models\MCB.Business.Models.csproj", "{5F33DD1E-68DB-4C65-8C6A-2BEE1F3CD9D1}"
EndProject
Project("{2150E333-8FDC-42A3-9474-1A3956D46DE8}") = "MST.MCB.TESTS", "MST.MCB.TESTS", "{CA487090-36C0-4EF6-8E28-BBE2E272EB71}"
EndProject
Project("{9A19103F-16F7-4668-BE54-9A1E7A4F7556}") = "MCB.Tests.Data", "MCB.Tests.Data\MCB.Tests.Data.csproj", "{3694F0C6-DDCD-49E1-9D14-21C7AC9D88F2}"
EndProject
Project("{2150E333-8FDC-42A3-9474-1A3956D46DE8}") = "MST.MCB.MOBILE", "MST.MCB.MOBILE", "{5DFD3DB3-3F05-4018-9034-71D2EC2F656B}"
EndProject
Project("{FAE04EC0-301F-11D3-BF4B-00C04F79EFBC}") = "MCB.Mobile.UWP", "MCB.Mobile\MCB.Mobile.UWP\MCB.Mobile.UWP.csproj", "{42A1E01B-C3B9-4C12-9180-3F60344103EA}"
EndProject
Project("{FAE04EC0-301F-11D3-BF4B-00C04F79EFBC}") = "MCB.Mobile.Android", "MCB.Mobile\MCB.Mobile.Android\MCB.Mobile.Android.csproj", "{AFB8E697-DBC4-4C78-AD7D-6D6ABF859F75}"
EndProject
Project("{FAE04EC0-301F-11D3-BF4B-00C04F79EFBC}") = "MCB.Mobile.iOS", "MCB.Mobile\MCB.Mobile.iOS\MCB.Mobile.iOS.csproj", "{B40145D4-78B0-4D65-A502-A16AEEA2BA59}"
EndProject
Project("{9A19103F-16F7-4668-BE54-9A1E7A4F7556}") = "MCB.Mobile", "MCB.Mobile\MCB.Mobile\MCB.Mobile.csproj", "{F701727A-E2E7-4C6C-A53E-725DE47D4E70}"
EndProject
Project("{2150E333-8FDC-42A3-9474-1A3956D46DE8}") = "MST.LOGGING", "MST.LOGGING", "{40CEB5A0-C42D-4801-B470-C497B183EE16}"
EndProject
Project("{FAE04EC0-301F-11D3-BF4B-00C04F79EFBC}") = "MST.Flogging.Core", "MST.Logging.Core\MST.Flogging.Core.csproj", "{13DCF8A2-D8A6-4E01-9765-58B571619DFC}"
EndProject
Global
	GlobalSection(SolutionConfigurationPlatforms) = preSolution
		Debug|Any CPU = Debug|Any CPU
		Debug|ARM = Debug|ARM
		Debug|iPhone = Debug|iPhone
		Debug|iPhoneSimulator = Debug|iPhoneSimulator
		Debug|x64 = Debug|x64
		Debug|x86 = Debug|x86
		Release|Any CPU = Release|Any CPU
		Release|ARM = Release|ARM
		Release|iPhone = Release|iPhone
		Release|iPhoneSimulator = Release|iPhoneSimulator
		Release|x64 = Release|x64
		Release|x86 = Release|x86
	EndGlobalSection
	GlobalSection(ProjectConfigurationPlatforms) = postSolution
		{546A0878-2043-4DA5-B67D-7D55153BF42F}.Debug|Any CPU.ActiveCfg = Debug|Any CPU
		{546A0878-2043-4DA5-B67D-7D55153BF42F}.Debug|Any CPU.Build.0 = Debug|Any CPU
		{546A0878-2043-4DA5-B67D-7D55153BF42F}.Debug|ARM.ActiveCfg = Debug|Any CPU
		{546A0878-2043-4DA5-B67D-7D55153BF42F}.Debug|ARM.Build.0 = Debug|Any CPU
		{546A0878-2043-4DA5-B67D-7D55153BF42F}.Debug|iPhone.ActiveCfg = Debug|Any CPU
		{546A0878-2043-4DA5-B67D-7D55153BF42F}.Debug|iPhone.Build.0 = Debug|Any CPU
		{546A0878-2043-4DA5-B67D-7D55153BF42F}.Debug|iPhoneSimulator.ActiveCfg = Debug|Any CPU
		{546A0878-2043-4DA5-B67D-7D55153BF42F}.Debug|iPhoneSimulator.Build.0 = Debug|Any CPU
		{546A0878-2043-4DA5-B67D-7D55153BF42F}.Debug|x64.ActiveCfg = Debug|Any CPU
		{546A0878-2043-4DA5-B67D-7D55153BF42F}.Debug|x64.Build.0 = Debug|Any CPU
		{546A0878-2043-4DA5-B67D-7D55153BF42F}.Debug|x86.ActiveCfg = Debug|Any CPU
		{546A0878-2043-4DA5-B67D-7D55153BF42F}.Debug|x86.Build.0 = Debug|Any CPU
		{546A0878-2043-4DA5-B67D-7D55153BF42F}.Release|Any CPU.ActiveCfg = Release|Any CPU
		{546A0878-2043-4DA5-B67D-7D55153BF42F}.Release|Any CPU.Build.0 = Release|Any CPU
		{546A0878-2043-4DA5-B67D-7D55153BF42F}.Release|ARM.ActiveCfg = Release|Any CPU
		{546A0878-2043-4DA5-B67D-7D55153BF42F}.Release|ARM.Build.0 = Release|Any CPU
		{546A0878-2043-4DA5-B67D-7D55153BF42F}.Release|iPhone.ActiveCfg = Release|Any CPU
		{546A0878-2043-4DA5-B67D-7D55153BF42F}.Release|iPhone.Build.0 = Release|Any CPU
		{546A0878-2043-4DA5-B67D-7D55153BF42F}.Release|iPhoneSimulator.ActiveCfg = Release|Any CPU
		{546A0878-2043-4DA5-B67D-7D55153BF42F}.Release|iPhoneSimulator.Build.0 = Release|Any CPU
		{546A0878-2043-4DA5-B67D-7D55153BF42F}.Release|x64.ActiveCfg = Release|Any CPU
		{546A0878-2043-4DA5-B67D-7D55153BF42F}.Release|x64.Build.0 = Release|Any CPU
		{546A0878-2043-4DA5-B67D-7D55153BF42F}.Release|x86.ActiveCfg = Release|Any CPU
		{546A0878-2043-4DA5-B67D-7D55153BF42F}.Release|x86.Build.0 = Release|Any CPU
		{1AA77350-E557-43A7-886D-5F818E7E82E1}.Debug|Any CPU.ActiveCfg = Debug|Any CPU
		{1AA77350-E557-43A7-886D-5F818E7E82E1}.Debug|Any CPU.Build.0 = Debug|Any CPU
		{1AA77350-E557-43A7-886D-5F818E7E82E1}.Debug|ARM.ActiveCfg = Debug|Any CPU
		{1AA77350-E557-43A7-886D-5F818E7E82E1}.Debug|ARM.Build.0 = Debug|Any CPU
		{1AA77350-E557-43A7-886D-5F818E7E82E1}.Debug|iPhone.ActiveCfg = Debug|Any CPU
		{1AA77350-E557-43A7-886D-5F818E7E82E1}.Debug|iPhone.Build.0 = Debug|Any CPU
		{1AA77350-E557-43A7-886D-5F818E7E82E1}.Debug|iPhoneSimulator.ActiveCfg = Debug|Any CPU
		{1AA77350-E557-43A7-886D-5F818E7E82E1}.Debug|iPhoneSimulator.Build.0 = Debug|Any CPU
		{1AA77350-E557-43A7-886D-5F818E7E82E1}.Debug|x64.ActiveCfg = Debug|Any CPU
		{1AA77350-E557-43A7-886D-5F818E7E82E1}.Debug|x64.Build.0 = Debug|Any CPU
		{1AA77350-E557-43A7-886D-5F818E7E82E1}.Debug|x86.ActiveCfg = Debug|Any CPU
		{1AA77350-E557-43A7-886D-5F818E7E82E1}.Debug|x86.Build.0 = Debug|Any CPU
		{1AA77350-E557-43A7-886D-5F818E7E82E1}.Release|Any CPU.ActiveCfg = Release|Any CPU
		{1AA77350-E557-43A7-886D-5F818E7E82E1}.Release|Any CPU.Build.0 = Release|Any CPU
		{1AA77350-E557-43A7-886D-5F818E7E82E1}.Release|ARM.ActiveCfg = Release|Any CPU
		{1AA77350-E557-43A7-886D-5F818E7E82E1}.Release|ARM.Build.0 = Release|Any CPU
		{1AA77350-E557-43A7-886D-5F818E7E82E1}.Release|iPhone.ActiveCfg = Release|Any CPU
		{1AA77350-E557-43A7-886D-5F818E7E82E1}.Release|iPhone.Build.0 = Release|Any CPU
		{1AA77350-E557-43A7-886D-5F818E7E82E1}.Release|iPhoneSimulator.ActiveCfg = Release|Any CPU
		{1AA77350-E557-43A7-886D-5F818E7E82E1}.Release|iPhoneSimulator.Build.0 = Release|Any CPU
		{1AA77350-E557-43A7-886D-5F818E7E82E1}.Release|x64.ActiveCfg = Release|Any CPU
		{1AA77350-E557-43A7-886D-5F818E7E82E1}.Release|x64.Build.0 = Release|Any CPU
		{1AA77350-E557-43A7-886D-5F818E7E82E1}.Release|x86.ActiveCfg = Release|Any CPU
		{1AA77350-E557-43A7-886D-5F818E7E82E1}.Release|x86.Build.0 = Release|Any CPU
		{E2DF2EA7-1B60-4749-B135-177CB436F59A}.Debug|Any CPU.ActiveCfg = Debug|Any CPU
		{E2DF2EA7-1B60-4749-B135-177CB436F59A}.Debug|Any CPU.Build.0 = Debug|Any CPU
		{E2DF2EA7-1B60-4749-B135-177CB436F59A}.Debug|ARM.ActiveCfg = Debug|Any CPU
		{E2DF2EA7-1B60-4749-B135-177CB436F59A}.Debug|ARM.Build.0 = Debug|Any CPU
		{E2DF2EA7-1B60-4749-B135-177CB436F59A}.Debug|iPhone.ActiveCfg = Debug|Any CPU
		{E2DF2EA7-1B60-4749-B135-177CB436F59A}.Debug|iPhone.Build.0 = Debug|Any CPU
		{E2DF2EA7-1B60-4749-B135-177CB436F59A}.Debug|iPhoneSimulator.ActiveCfg = Debug|Any CPU
		{E2DF2EA7-1B60-4749-B135-177CB436F59A}.Debug|iPhoneSimulator.Build.0 = Debug|Any CPU
		{E2DF2EA7-1B60-4749-B135-177CB436F59A}.Debug|x64.ActiveCfg = Debug|Any CPU
		{E2DF2EA7-1B60-4749-B135-177CB436F59A}.Debug|x64.Build.0 = Debug|Any CPU
		{E2DF2EA7-1B60-4749-B135-177CB436F59A}.Debug|x86.ActiveCfg = Debug|Any CPU
		{E2DF2EA7-1B60-4749-B135-177CB436F59A}.Debug|x86.Build.0 = Debug|Any CPU
		{E2DF2EA7-1B60-4749-B135-177CB436F59A}.Release|Any CPU.ActiveCfg = Release|Any CPU
		{E2DF2EA7-1B60-4749-B135-177CB436F59A}.Release|Any CPU.Build.0 = Release|Any CPU
		{E2DF2EA7-1B60-4749-B135-177CB436F59A}.Release|ARM.ActiveCfg = Release|Any CPU
		{E2DF2EA7-1B60-4749-B135-177CB436F59A}.Release|ARM.Build.0 = Release|Any CPU
		{E2DF2EA7-1B60-4749-B135-177CB436F59A}.Release|iPhone.ActiveCfg = Release|Any CPU
		{E2DF2EA7-1B60-4749-B135-177CB436F59A}.Release|iPhone.Build.0 = Release|Any CPU
		{E2DF2EA7-1B60-4749-B135-177CB436F59A}.Release|iPhoneSimulator.ActiveCfg = Release|Any CPU
		{E2DF2EA7-1B60-4749-B135-177CB436F59A}.Release|iPhoneSimulator.Build.0 = Release|Any CPU
		{E2DF2EA7-1B60-4749-B135-177CB436F59A}.Release|x64.ActiveCfg = Release|Any CPU
		{E2DF2EA7-1B60-4749-B135-177CB436F59A}.Release|x64.Build.0 = Release|Any CPU
		{E2DF2EA7-1B60-4749-B135-177CB436F59A}.Release|x86.ActiveCfg = Release|Any CPU
		{E2DF2EA7-1B60-4749-B135-177CB436F59A}.Release|x86.Build.0 = Release|Any CPU
		{0572FD6F-8F1E-428A-9FA2-6F4914F5F99B}.Debug|Any CPU.ActiveCfg = Debug|Any CPU
		{0572FD6F-8F1E-428A-9FA2-6F4914F5F99B}.Debug|Any CPU.Build.0 = Debug|Any CPU
		{0572FD6F-8F1E-428A-9FA2-6F4914F5F99B}.Debug|ARM.ActiveCfg = Debug|Any CPU
		{0572FD6F-8F1E-428A-9FA2-6F4914F5F99B}.Debug|ARM.Build.0 = Debug|Any CPU
		{0572FD6F-8F1E-428A-9FA2-6F4914F5F99B}.Debug|iPhone.ActiveCfg = Debug|Any CPU
		{0572FD6F-8F1E-428A-9FA2-6F4914F5F99B}.Debug|iPhone.Build.0 = Debug|Any CPU
		{0572FD6F-8F1E-428A-9FA2-6F4914F5F99B}.Debug|iPhoneSimulator.ActiveCfg = Debug|Any CPU
		{0572FD6F-8F1E-428A-9FA2-6F4914F5F99B}.Debug|iPhoneSimulator.Build.0 = Debug|Any CPU
		{0572FD6F-8F1E-428A-9FA2-6F4914F5F99B}.Debug|x64.ActiveCfg = Debug|Any CPU
		{0572FD6F-8F1E-428A-9FA2-6F4914F5F99B}.Debug|x64.Build.0 = Debug|Any CPU
		{0572FD6F-8F1E-428A-9FA2-6F4914F5F99B}.Debug|x86.ActiveCfg = Debug|Any CPU
		{0572FD6F-8F1E-428A-9FA2-6F4914F5F99B}.Debug|x86.Build.0 = Debug|Any CPU
		{0572FD6F-8F1E-428A-9FA2-6F4914F5F99B}.Release|Any CPU.ActiveCfg = Release|Any CPU
		{0572FD6F-8F1E-428A-9FA2-6F4914F5F99B}.Release|Any CPU.Build.0 = Release|Any CPU
		{0572FD6F-8F1E-428A-9FA2-6F4914F5F99B}.Release|ARM.ActiveCfg = Release|Any CPU
		{0572FD6F-8F1E-428A-9FA2-6F4914F5F99B}.Release|ARM.Build.0 = Release|Any CPU
		{0572FD6F-8F1E-428A-9FA2-6F4914F5F99B}.Release|iPhone.ActiveCfg = Release|Any CPU
		{0572FD6F-8F1E-428A-9FA2-6F4914F5F99B}.Release|iPhone.Build.0 = Release|Any CPU
		{0572FD6F-8F1E-428A-9FA2-6F4914F5F99B}.Release|iPhoneSimulator.ActiveCfg = Release|Any CPU
		{0572FD6F-8F1E-428A-9FA2-6F4914F5F99B}.Release|iPhoneSimulator.Build.0 = Release|Any CPU
		{0572FD6F-8F1E-428A-9FA2-6F4914F5F99B}.Release|x64.ActiveCfg = Release|Any CPU
		{0572FD6F-8F1E-428A-9FA2-6F4914F5F99B}.Release|x64.Build.0 = Release|Any CPU
		{0572FD6F-8F1E-428A-9FA2-6F4914F5F99B}.Release|x86.ActiveCfg = Release|Any CPU
		{0572FD6F-8F1E-428A-9FA2-6F4914F5F99B}.Release|x86.Build.0 = Release|Any CPU
		{F06E2668-E5DB-4783-A8E4-8B42302C08A0}.Debug|Any CPU.ActiveCfg = Debug|Any CPU
		{F06E2668-E5DB-4783-A8E4-8B42302C08A0}.Debug|Any CPU.Build.0 = Debug|Any CPU
		{F06E2668-E5DB-4783-A8E4-8B42302C08A0}.Debug|ARM.ActiveCfg = Debug|Any CPU
		{F06E2668-E5DB-4783-A8E4-8B42302C08A0}.Debug|ARM.Build.0 = Debug|Any CPU
		{F06E2668-E5DB-4783-A8E4-8B42302C08A0}.Debug|iPhone.ActiveCfg = Debug|Any CPU
		{F06E2668-E5DB-4783-A8E4-8B42302C08A0}.Debug|iPhone.Build.0 = Debug|Any CPU
		{F06E2668-E5DB-4783-A8E4-8B42302C08A0}.Debug|iPhoneSimulator.ActiveCfg = Debug|Any CPU
		{F06E2668-E5DB-4783-A8E4-8B42302C08A0}.Debug|iPhoneSimulator.Build.0 = Debug|Any CPU
		{F06E2668-E5DB-4783-A8E4-8B42302C08A0}.Debug|x64.ActiveCfg = Debug|Any CPU
		{F06E2668-E5DB-4783-A8E4-8B42302C08A0}.Debug|x64.Build.0 = Debug|Any CPU
		{F06E2668-E5DB-4783-A8E4-8B42302C08A0}.Debug|x86.ActiveCfg = Debug|Any CPU
		{F06E2668-E5DB-4783-A8E4-8B42302C08A0}.Debug|x86.Build.0 = Debug|Any CPU
		{F06E2668-E5DB-4783-A8E4-8B42302C08A0}.Release|Any CPU.ActiveCfg = Release|Any CPU
		{F06E2668-E5DB-4783-A8E4-8B42302C08A0}.Release|Any CPU.Build.0 = Release|Any CPU
		{F06E2668-E5DB-4783-A8E4-8B42302C08A0}.Release|ARM.ActiveCfg = Release|Any CPU
		{F06E2668-E5DB-4783-A8E4-8B42302C08A0}.Release|ARM.Build.0 = Release|Any CPU
		{F06E2668-E5DB-4783-A8E4-8B42302C08A0}.Release|iPhone.ActiveCfg = Release|Any CPU
		{F06E2668-E5DB-4783-A8E4-8B42302C08A0}.Release|iPhone.Build.0 = Release|Any CPU
		{F06E2668-E5DB-4783-A8E4-8B42302C08A0}.Release|iPhoneSimulator.ActiveCfg = Release|Any CPU
		{F06E2668-E5DB-4783-A8E4-8B42302C08A0}.Release|iPhoneSimulator.Build.0 = Release|Any CPU
		{F06E2668-E5DB-4783-A8E4-8B42302C08A0}.Release|x64.ActiveCfg = Release|Any CPU
		{F06E2668-E5DB-4783-A8E4-8B42302C08A0}.Release|x64.Build.0 = Release|Any CPU
		{F06E2668-E5DB-4783-A8E4-8B42302C08A0}.Release|x86.ActiveCfg = Release|Any CPU
		{F06E2668-E5DB-4783-A8E4-8B42302C08A0}.Release|x86.Build.0 = Release|Any CPU
		{1599E438-54D3-4FB5-832F-7121A6C2B3A4}.Debug|Any CPU.ActiveCfg = Debug|Any CPU
		{1599E438-54D3-4FB5-832F-7121A6C2B3A4}.Debug|Any CPU.Build.0 = Debug|Any CPU
		{1599E438-54D3-4FB5-832F-7121A6C2B3A4}.Debug|ARM.ActiveCfg = Debug|Any CPU
		{1599E438-54D3-4FB5-832F-7121A6C2B3A4}.Debug|ARM.Build.0 = Debug|Any CPU
		{1599E438-54D3-4FB5-832F-7121A6C2B3A4}.Debug|iPhone.ActiveCfg = Debug|Any CPU
		{1599E438-54D3-4FB5-832F-7121A6C2B3A4}.Debug|iPhone.Build.0 = Debug|Any CPU
		{1599E438-54D3-4FB5-832F-7121A6C2B3A4}.Debug|iPhoneSimulator.ActiveCfg = Debug|Any CPU
		{1599E438-54D3-4FB5-832F-7121A6C2B3A4}.Debug|iPhoneSimulator.Build.0 = Debug|Any CPU
		{1599E438-54D3-4FB5-832F-7121A6C2B3A4}.Debug|x64.ActiveCfg = Debug|Any CPU
		{1599E438-54D3-4FB5-832F-7121A6C2B3A4}.Debug|x64.Build.0 = Debug|Any CPU
		{1599E438-54D3-4FB5-832F-7121A6C2B3A4}.Debug|x86.ActiveCfg = Debug|Any CPU
		{1599E438-54D3-4FB5-832F-7121A6C2B3A4}.Debug|x86.Build.0 = Debug|Any CPU
		{1599E438-54D3-4FB5-832F-7121A6C2B3A4}.Release|Any CPU.ActiveCfg = Release|Any CPU
		{1599E438-54D3-4FB5-832F-7121A6C2B3A4}.Release|Any CPU.Build.0 = Release|Any CPU
		{1599E438-54D3-4FB5-832F-7121A6C2B3A4}.Release|ARM.ActiveCfg = Release|Any CPU
		{1599E438-54D3-4FB5-832F-7121A6C2B3A4}.Release|ARM.Build.0 = Release|Any CPU
		{1599E438-54D3-4FB5-832F-7121A6C2B3A4}.Release|iPhone.ActiveCfg = Release|Any CPU
		{1599E438-54D3-4FB5-832F-7121A6C2B3A4}.Release|iPhone.Build.0 = Release|Any CPU
		{1599E438-54D3-4FB5-832F-7121A6C2B3A4}.Release|iPhoneSimulator.ActiveCfg = Release|Any CPU
		{1599E438-54D3-4FB5-832F-7121A6C2B3A4}.Release|iPhoneSimulator.Build.0 = Release|Any CPU
		{1599E438-54D3-4FB5-832F-7121A6C2B3A4}.Release|x64.ActiveCfg = Release|Any CPU
		{1599E438-54D3-4FB5-832F-7121A6C2B3A4}.Release|x64.Build.0 = Release|Any CPU
		{1599E438-54D3-4FB5-832F-7121A6C2B3A4}.Release|x86.ActiveCfg = Release|Any CPU
		{1599E438-54D3-4FB5-832F-7121A6C2B3A4}.Release|x86.Build.0 = Release|Any CPU
		{03501C91-36AF-4C92-9C63-D659E62C661A}.Debug|Any CPU.ActiveCfg = Debug|Any CPU
		{03501C91-36AF-4C92-9C63-D659E62C661A}.Debug|Any CPU.Build.0 = Debug|Any CPU
		{03501C91-36AF-4C92-9C63-D659E62C661A}.Debug|ARM.ActiveCfg = Debug|Any CPU
		{03501C91-36AF-4C92-9C63-D659E62C661A}.Debug|ARM.Build.0 = Debug|Any CPU
		{03501C91-36AF-4C92-9C63-D659E62C661A}.Debug|iPhone.ActiveCfg = Debug|Any CPU
		{03501C91-36AF-4C92-9C63-D659E62C661A}.Debug|iPhone.Build.0 = Debug|Any CPU
		{03501C91-36AF-4C92-9C63-D659E62C661A}.Debug|iPhoneSimulator.ActiveCfg = Debug|Any CPU
		{03501C91-36AF-4C92-9C63-D659E62C661A}.Debug|iPhoneSimulator.Build.0 = Debug|Any CPU
		{03501C91-36AF-4C92-9C63-D659E62C661A}.Debug|x64.ActiveCfg = Debug|Any CPU
		{03501C91-36AF-4C92-9C63-D659E62C661A}.Debug|x64.Build.0 = Debug|Any CPU
		{03501C91-36AF-4C92-9C63-D659E62C661A}.Debug|x86.ActiveCfg = Debug|Any CPU
		{03501C91-36AF-4C92-9C63-D659E62C661A}.Debug|x86.Build.0 = Debug|Any CPU
		{03501C91-36AF-4C92-9C63-D659E62C661A}.Release|Any CPU.ActiveCfg = Release|Any CPU
		{03501C91-36AF-4C92-9C63-D659E62C661A}.Release|Any CPU.Build.0 = Release|Any CPU
		{03501C91-36AF-4C92-9C63-D659E62C661A}.Release|ARM.ActiveCfg = Release|Any CPU
		{03501C91-36AF-4C92-9C63-D659E62C661A}.Release|ARM.Build.0 = Release|Any CPU
		{03501C91-36AF-4C92-9C63-D659E62C661A}.Release|iPhone.ActiveCfg = Release|Any CPU
		{03501C91-36AF-4C92-9C63-D659E62C661A}.Release|iPhone.Build.0 = Release|Any CPU
		{03501C91-36AF-4C92-9C63-D659E62C661A}.Release|iPhoneSimulator.ActiveCfg = Release|Any CPU
		{03501C91-36AF-4C92-9C63-D659E62C661A}.Release|iPhoneSimulator.Build.0 = Release|Any CPU
		{03501C91-36AF-4C92-9C63-D659E62C661A}.Release|x64.ActiveCfg = Release|Any CPU
		{03501C91-36AF-4C92-9C63-D659E62C661A}.Release|x64.Build.0 = Release|Any CPU
		{03501C91-36AF-4C92-9C63-D659E62C661A}.Release|x86.ActiveCfg = Release|Any CPU
		{03501C91-36AF-4C92-9C63-D659E62C661A}.Release|x86.Build.0 = Release|Any CPU
		{CDDA54F7-3B49-4968-BA83-2F78E996C773}.Debug|Any CPU.ActiveCfg = Debug|Any CPU
		{CDDA54F7-3B49-4968-BA83-2F78E996C773}.Debug|Any CPU.Build.0 = Debug|Any CPU
		{CDDA54F7-3B49-4968-BA83-2F78E996C773}.Debug|ARM.ActiveCfg = Debug|Any CPU
		{CDDA54F7-3B49-4968-BA83-2F78E996C773}.Debug|ARM.Build.0 = Debug|Any CPU
		{CDDA54F7-3B49-4968-BA83-2F78E996C773}.Debug|iPhone.ActiveCfg = Debug|Any CPU
		{CDDA54F7-3B49-4968-BA83-2F78E996C773}.Debug|iPhone.Build.0 = Debug|Any CPU
		{CDDA54F7-3B49-4968-BA83-2F78E996C773}.Debug|iPhoneSimulator.ActiveCfg = Debug|Any CPU
		{CDDA54F7-3B49-4968-BA83-2F78E996C773}.Debug|iPhoneSimulator.Build.0 = Debug|Any CPU
		{CDDA54F7-3B49-4968-BA83-2F78E996C773}.Debug|x64.ActiveCfg = Debug|Any CPU
		{CDDA54F7-3B49-4968-BA83-2F78E996C773}.Debug|x64.Build.0 = Debug|Any CPU
		{CDDA54F7-3B49-4968-BA83-2F78E996C773}.Debug|x86.ActiveCfg = Debug|Any CPU
		{CDDA54F7-3B49-4968-BA83-2F78E996C773}.Debug|x86.Build.0 = Debug|Any CPU
		{CDDA54F7-3B49-4968-BA83-2F78E996C773}.Release|Any CPU.ActiveCfg = Release|Any CPU
		{CDDA54F7-3B49-4968-BA83-2F78E996C773}.Release|Any CPU.Build.0 = Release|Any CPU
		{CDDA54F7-3B49-4968-BA83-2F78E996C773}.Release|ARM.ActiveCfg = Release|Any CPU
		{CDDA54F7-3B49-4968-BA83-2F78E996C773}.Release|ARM.Build.0 = Release|Any CPU
		{CDDA54F7-3B49-4968-BA83-2F78E996C773}.Release|iPhone.ActiveCfg = Release|Any CPU
		{CDDA54F7-3B49-4968-BA83-2F78E996C773}.Release|iPhone.Build.0 = Release|Any CPU
		{CDDA54F7-3B49-4968-BA83-2F78E996C773}.Release|iPhoneSimulator.ActiveCfg = Release|Any CPU
		{CDDA54F7-3B49-4968-BA83-2F78E996C773}.Release|iPhoneSimulator.Build.0 = Release|Any CPU
		{CDDA54F7-3B49-4968-BA83-2F78E996C773}.Release|x64.ActiveCfg = Release|Any CPU
		{CDDA54F7-3B49-4968-BA83-2F78E996C773}.Release|x64.Build.0 = Release|Any CPU
		{CDDA54F7-3B49-4968-BA83-2F78E996C773}.Release|x86.ActiveCfg = Release|Any CPU
		{CDDA54F7-3B49-4968-BA83-2F78E996C773}.Release|x86.Build.0 = Release|Any CPU
		{5F33DD1E-68DB-4C65-8C6A-2BEE1F3CD9D1}.Debug|Any CPU.ActiveCfg = Debug|Any CPU
		{5F33DD1E-68DB-4C65-8C6A-2BEE1F3CD9D1}.Debug|Any CPU.Build.0 = Debug|Any CPU
		{5F33DD1E-68DB-4C65-8C6A-2BEE1F3CD9D1}.Debug|ARM.ActiveCfg = Debug|Any CPU
		{5F33DD1E-68DB-4C65-8C6A-2BEE1F3CD9D1}.Debug|ARM.Build.0 = Debug|Any CPU
		{5F33DD1E-68DB-4C65-8C6A-2BEE1F3CD9D1}.Debug|iPhone.ActiveCfg = Debug|Any CPU
		{5F33DD1E-68DB-4C65-8C6A-2BEE1F3CD9D1}.Debug|iPhone.Build.0 = Debug|Any CPU
		{5F33DD1E-68DB-4C65-8C6A-2BEE1F3CD9D1}.Debug|iPhoneSimulator.ActiveCfg = Debug|Any CPU
		{5F33DD1E-68DB-4C65-8C6A-2BEE1F3CD9D1}.Debug|iPhoneSimulator.Build.0 = Debug|Any CPU
		{5F33DD1E-68DB-4C65-8C6A-2BEE1F3CD9D1}.Debug|x64.ActiveCfg = Debug|Any CPU
		{5F33DD1E-68DB-4C65-8C6A-2BEE1F3CD9D1}.Debug|x64.Build.0 = Debug|Any CPU
		{5F33DD1E-68DB-4C65-8C6A-2BEE1F3CD9D1}.Debug|x86.ActiveCfg = Debug|Any CPU
		{5F33DD1E-68DB-4C65-8C6A-2BEE1F3CD9D1}.Debug|x86.Build.0 = Debug|Any CPU
		{5F33DD1E-68DB-4C65-8C6A-2BEE1F3CD9D1}.Release|Any CPU.ActiveCfg = Release|Any CPU
		{5F33DD1E-68DB-4C65-8C6A-2BEE1F3CD9D1}.Release|Any CPU.Build.0 = Release|Any CPU
		{5F33DD1E-68DB-4C65-8C6A-2BEE1F3CD9D1}.Release|ARM.ActiveCfg = Release|Any CPU
		{5F33DD1E-68DB-4C65-8C6A-2BEE1F3CD9D1}.Release|ARM.Build.0 = Release|Any CPU
		{5F33DD1E-68DB-4C65-8C6A-2BEE1F3CD9D1}.Release|iPhone.ActiveCfg = Release|Any CPU
		{5F33DD1E-68DB-4C65-8C6A-2BEE1F3CD9D1}.Release|iPhone.Build.0 = Release|Any CPU
		{5F33DD1E-68DB-4C65-8C6A-2BEE1F3CD9D1}.Release|iPhoneSimulator.ActiveCfg = Release|Any CPU
		{5F33DD1E-68DB-4C65-8C6A-2BEE1F3CD9D1}.Release|iPhoneSimulator.Build.0 = Release|Any CPU
		{5F33DD1E-68DB-4C65-8C6A-2BEE1F3CD9D1}.Release|x64.ActiveCfg = Release|Any CPU
		{5F33DD1E-68DB-4C65-8C6A-2BEE1F3CD9D1}.Release|x64.Build.0 = Release|Any CPU
		{5F33DD1E-68DB-4C65-8C6A-2BEE1F3CD9D1}.Release|x86.ActiveCfg = Release|Any CPU
		{5F33DD1E-68DB-4C65-8C6A-2BEE1F3CD9D1}.Release|x86.Build.0 = Release|Any CPU
		{3694F0C6-DDCD-49E1-9D14-21C7AC9D88F2}.Debug|Any CPU.ActiveCfg = Debug|Any CPU
		{3694F0C6-DDCD-49E1-9D14-21C7AC9D88F2}.Debug|Any CPU.Build.0 = Debug|Any CPU
		{3694F0C6-DDCD-49E1-9D14-21C7AC9D88F2}.Debug|ARM.ActiveCfg = Debug|Any CPU
		{3694F0C6-DDCD-49E1-9D14-21C7AC9D88F2}.Debug|ARM.Build.0 = Debug|Any CPU
		{3694F0C6-DDCD-49E1-9D14-21C7AC9D88F2}.Debug|iPhone.ActiveCfg = Debug|Any CPU
		{3694F0C6-DDCD-49E1-9D14-21C7AC9D88F2}.Debug|iPhone.Build.0 = Debug|Any CPU
		{3694F0C6-DDCD-49E1-9D14-21C7AC9D88F2}.Debug|iPhoneSimulator.ActiveCfg = Debug|Any CPU
		{3694F0C6-DDCD-49E1-9D14-21C7AC9D88F2}.Debug|iPhoneSimulator.Build.0 = Debug|Any CPU
		{3694F0C6-DDCD-49E1-9D14-21C7AC9D88F2}.Debug|x64.ActiveCfg = Debug|Any CPU
		{3694F0C6-DDCD-49E1-9D14-21C7AC9D88F2}.Debug|x64.Build.0 = Debug|Any CPU
		{3694F0C6-DDCD-49E1-9D14-21C7AC9D88F2}.Debug|x86.ActiveCfg = Debug|Any CPU
		{3694F0C6-DDCD-49E1-9D14-21C7AC9D88F2}.Debug|x86.Build.0 = Debug|Any CPU
		{3694F0C6-DDCD-49E1-9D14-21C7AC9D88F2}.Release|Any CPU.ActiveCfg = Release|Any CPU
		{3694F0C6-DDCD-49E1-9D14-21C7AC9D88F2}.Release|Any CPU.Build.0 = Release|Any CPU
		{3694F0C6-DDCD-49E1-9D14-21C7AC9D88F2}.Release|ARM.ActiveCfg = Release|Any CPU
		{3694F0C6-DDCD-49E1-9D14-21C7AC9D88F2}.Release|ARM.Build.0 = Release|Any CPU
		{3694F0C6-DDCD-49E1-9D14-21C7AC9D88F2}.Release|iPhone.ActiveCfg = Release|Any CPU
		{3694F0C6-DDCD-49E1-9D14-21C7AC9D88F2}.Release|iPhone.Build.0 = Release|Any CPU
		{3694F0C6-DDCD-49E1-9D14-21C7AC9D88F2}.Release|iPhoneSimulator.ActiveCfg = Release|Any CPU
		{3694F0C6-DDCD-49E1-9D14-21C7AC9D88F2}.Release|iPhoneSimulator.Build.0 = Release|Any CPU
		{3694F0C6-DDCD-49E1-9D14-21C7AC9D88F2}.Release|x64.ActiveCfg = Release|Any CPU
		{3694F0C6-DDCD-49E1-9D14-21C7AC9D88F2}.Release|x64.Build.0 = Release|Any CPU
		{3694F0C6-DDCD-49E1-9D14-21C7AC9D88F2}.Release|x86.ActiveCfg = Release|Any CPU
		{3694F0C6-DDCD-49E1-9D14-21C7AC9D88F2}.Release|x86.Build.0 = Release|Any CPU
		{42A1E01B-C3B9-4C12-9180-3F60344103EA}.Debug|Any CPU.ActiveCfg = Debug|x86
		{42A1E01B-C3B9-4C12-9180-3F60344103EA}.Debug|ARM.ActiveCfg = Debug|ARM
		{42A1E01B-C3B9-4C12-9180-3F60344103EA}.Debug|ARM.Build.0 = Debug|ARM
		{42A1E01B-C3B9-4C12-9180-3F60344103EA}.Debug|ARM.Deploy.0 = Debug|ARM
		{42A1E01B-C3B9-4C12-9180-3F60344103EA}.Debug|iPhone.ActiveCfg = Debug|x86
		{42A1E01B-C3B9-4C12-9180-3F60344103EA}.Debug|iPhoneSimulator.ActiveCfg = Debug|x86
		{42A1E01B-C3B9-4C12-9180-3F60344103EA}.Debug|x64.ActiveCfg = Debug|x64
		{42A1E01B-C3B9-4C12-9180-3F60344103EA}.Debug|x64.Build.0 = Debug|x64
		{42A1E01B-C3B9-4C12-9180-3F60344103EA}.Debug|x64.Deploy.0 = Debug|x64
		{42A1E01B-C3B9-4C12-9180-3F60344103EA}.Debug|x86.ActiveCfg = Debug|x86
		{42A1E01B-C3B9-4C12-9180-3F60344103EA}.Debug|x86.Build.0 = Debug|x86
		{42A1E01B-C3B9-4C12-9180-3F60344103EA}.Debug|x86.Deploy.0 = Debug|x86
		{42A1E01B-C3B9-4C12-9180-3F60344103EA}.Release|Any CPU.ActiveCfg = Release|x86
		{42A1E01B-C3B9-4C12-9180-3F60344103EA}.Release|ARM.ActiveCfg = Release|ARM
		{42A1E01B-C3B9-4C12-9180-3F60344103EA}.Release|ARM.Build.0 = Release|ARM
		{42A1E01B-C3B9-4C12-9180-3F60344103EA}.Release|ARM.Deploy.0 = Release|ARM
		{42A1E01B-C3B9-4C12-9180-3F60344103EA}.Release|iPhone.ActiveCfg = Release|x86
		{42A1E01B-C3B9-4C12-9180-3F60344103EA}.Release|iPhoneSimulator.ActiveCfg = Release|x86
		{42A1E01B-C3B9-4C12-9180-3F60344103EA}.Release|x64.ActiveCfg = Release|x64
		{42A1E01B-C3B9-4C12-9180-3F60344103EA}.Release|x64.Build.0 = Release|x64
		{42A1E01B-C3B9-4C12-9180-3F60344103EA}.Release|x64.Deploy.0 = Release|x64
		{42A1E01B-C3B9-4C12-9180-3F60344103EA}.Release|x86.ActiveCfg = Release|x86
		{42A1E01B-C3B9-4C12-9180-3F60344103EA}.Release|x86.Build.0 = Release|x86
		{42A1E01B-C3B9-4C12-9180-3F60344103EA}.Release|x86.Deploy.0 = Release|x86
		{AFB8E697-DBC4-4C78-AD7D-6D6ABF859F75}.Debug|Any CPU.ActiveCfg = Debug|Any CPU
		{AFB8E697-DBC4-4C78-AD7D-6D6ABF859F75}.Debug|Any CPU.Build.0 = Debug|Any CPU
		{AFB8E697-DBC4-4C78-AD7D-6D6ABF859F75}.Debug|Any CPU.Deploy.0 = Debug|Any CPU
		{AFB8E697-DBC4-4C78-AD7D-6D6ABF859F75}.Debug|ARM.ActiveCfg = Debug|Any CPU
		{AFB8E697-DBC4-4C78-AD7D-6D6ABF859F75}.Debug|ARM.Build.0 = Debug|Any CPU
		{AFB8E697-DBC4-4C78-AD7D-6D6ABF859F75}.Debug|ARM.Deploy.0 = Debug|Any CPU
		{AFB8E697-DBC4-4C78-AD7D-6D6ABF859F75}.Debug|iPhone.ActiveCfg = Debug|Any CPU
		{AFB8E697-DBC4-4C78-AD7D-6D6ABF859F75}.Debug|iPhone.Build.0 = Debug|Any CPU
		{AFB8E697-DBC4-4C78-AD7D-6D6ABF859F75}.Debug|iPhone.Deploy.0 = Debug|Any CPU
		{AFB8E697-DBC4-4C78-AD7D-6D6ABF859F75}.Debug|iPhoneSimulator.ActiveCfg = Debug|Any CPU
		{AFB8E697-DBC4-4C78-AD7D-6D6ABF859F75}.Debug|iPhoneSimulator.Build.0 = Debug|Any CPU
		{AFB8E697-DBC4-4C78-AD7D-6D6ABF859F75}.Debug|iPhoneSimulator.Deploy.0 = Debug|Any CPU
		{AFB8E697-DBC4-4C78-AD7D-6D6ABF859F75}.Debug|x64.ActiveCfg = Debug|Any CPU
		{AFB8E697-DBC4-4C78-AD7D-6D6ABF859F75}.Debug|x64.Build.0 = Debug|Any CPU
		{AFB8E697-DBC4-4C78-AD7D-6D6ABF859F75}.Debug|x64.Deploy.0 = Debug|Any CPU
		{AFB8E697-DBC4-4C78-AD7D-6D6ABF859F75}.Debug|x86.ActiveCfg = Debug|Any CPU
		{AFB8E697-DBC4-4C78-AD7D-6D6ABF859F75}.Debug|x86.Build.0 = Debug|Any CPU
		{AFB8E697-DBC4-4C78-AD7D-6D6ABF859F75}.Debug|x86.Deploy.0 = Debug|Any CPU
		{AFB8E697-DBC4-4C78-AD7D-6D6ABF859F75}.Release|Any CPU.ActiveCfg = Release|Any CPU
		{AFB8E697-DBC4-4C78-AD7D-6D6ABF859F75}.Release|Any CPU.Build.0 = Release|Any CPU
		{AFB8E697-DBC4-4C78-AD7D-6D6ABF859F75}.Release|Any CPU.Deploy.0 = Release|Any CPU
		{AFB8E697-DBC4-4C78-AD7D-6D6ABF859F75}.Release|ARM.ActiveCfg = Release|Any CPU
		{AFB8E697-DBC4-4C78-AD7D-6D6ABF859F75}.Release|ARM.Build.0 = Release|Any CPU
		{AFB8E697-DBC4-4C78-AD7D-6D6ABF859F75}.Release|ARM.Deploy.0 = Release|Any CPU
		{AFB8E697-DBC4-4C78-AD7D-6D6ABF859F75}.Release|iPhone.ActiveCfg = Release|Any CPU
		{AFB8E697-DBC4-4C78-AD7D-6D6ABF859F75}.Release|iPhone.Build.0 = Release|Any CPU
		{AFB8E697-DBC4-4C78-AD7D-6D6ABF859F75}.Release|iPhone.Deploy.0 = Release|Any CPU
		{AFB8E697-DBC4-4C78-AD7D-6D6ABF859F75}.Release|iPhoneSimulator.ActiveCfg = Release|Any CPU
		{AFB8E697-DBC4-4C78-AD7D-6D6ABF859F75}.Release|iPhoneSimulator.Build.0 = Release|Any CPU
		{AFB8E697-DBC4-4C78-AD7D-6D6ABF859F75}.Release|iPhoneSimulator.Deploy.0 = Release|Any CPU
		{AFB8E697-DBC4-4C78-AD7D-6D6ABF859F75}.Release|x64.ActiveCfg = Release|Any CPU
		{AFB8E697-DBC4-4C78-AD7D-6D6ABF859F75}.Release|x64.Build.0 = Release|Any CPU
		{AFB8E697-DBC4-4C78-AD7D-6D6ABF859F75}.Release|x64.Deploy.0 = Release|Any CPU
		{AFB8E697-DBC4-4C78-AD7D-6D6ABF859F75}.Release|x86.ActiveCfg = Release|Any CPU
		{AFB8E697-DBC4-4C78-AD7D-6D6ABF859F75}.Release|x86.Build.0 = Release|Any CPU
		{AFB8E697-DBC4-4C78-AD7D-6D6ABF859F75}.Release|x86.Deploy.0 = Release|Any CPU
		{B40145D4-78B0-4D65-A502-A16AEEA2BA59}.Debug|Any CPU.ActiveCfg = Debug|iPhone
		{B40145D4-78B0-4D65-A502-A16AEEA2BA59}.Debug|ARM.ActiveCfg = Debug|iPhone
		{B40145D4-78B0-4D65-A502-A16AEEA2BA59}.Debug|iPhone.ActiveCfg = Debug|iPhone
		{B40145D4-78B0-4D65-A502-A16AEEA2BA59}.Debug|iPhone.Build.0 = Debug|iPhone
		{B40145D4-78B0-4D65-A502-A16AEEA2BA59}.Debug|iPhoneSimulator.ActiveCfg = Debug|iPhoneSimulator
		{B40145D4-78B0-4D65-A502-A16AEEA2BA59}.Debug|iPhoneSimulator.Build.0 = Debug|iPhoneSimulator
		{B40145D4-78B0-4D65-A502-A16AEEA2BA59}.Debug|x64.ActiveCfg = Debug|iPhone
		{B40145D4-78B0-4D65-A502-A16AEEA2BA59}.Debug|x86.ActiveCfg = Debug|iPhone
		{B40145D4-78B0-4D65-A502-A16AEEA2BA59}.Release|Any CPU.ActiveCfg = Release|iPhone
		{B40145D4-78B0-4D65-A502-A16AEEA2BA59}.Release|ARM.ActiveCfg = Release|iPhone
		{B40145D4-78B0-4D65-A502-A16AEEA2BA59}.Release|iPhone.ActiveCfg = Release|iPhone
		{B40145D4-78B0-4D65-A502-A16AEEA2BA59}.Release|iPhone.Build.0 = Release|iPhone
		{B40145D4-78B0-4D65-A502-A16AEEA2BA59}.Release|iPhoneSimulator.ActiveCfg = Release|iPhoneSimulator
		{B40145D4-78B0-4D65-A502-A16AEEA2BA59}.Release|iPhoneSimulator.Build.0 = Release|iPhoneSimulator
		{B40145D4-78B0-4D65-A502-A16AEEA2BA59}.Release|x64.ActiveCfg = Release|iPhone
		{B40145D4-78B0-4D65-A502-A16AEEA2BA59}.Release|x86.ActiveCfg = Release|iPhone
		{F701727A-E2E7-4C6C-A53E-725DE47D4E70}.Debug|Any CPU.ActiveCfg = Debug|Any CPU
		{F701727A-E2E7-4C6C-A53E-725DE47D4E70}.Debug|Any CPU.Build.0 = Debug|Any CPU
		{F701727A-E2E7-4C6C-A53E-725DE47D4E70}.Debug|ARM.ActiveCfg = Debug|Any CPU
		{F701727A-E2E7-4C6C-A53E-725DE47D4E70}.Debug|ARM.Build.0 = Debug|Any CPU
		{F701727A-E2E7-4C6C-A53E-725DE47D4E70}.Debug|iPhone.ActiveCfg = Debug|Any CPU
		{F701727A-E2E7-4C6C-A53E-725DE47D4E70}.Debug|iPhone.Build.0 = Debug|Any CPU
		{F701727A-E2E7-4C6C-A53E-725DE47D4E70}.Debug|iPhoneSimulator.ActiveCfg = Debug|Any CPU
		{F701727A-E2E7-4C6C-A53E-725DE47D4E70}.Debug|iPhoneSimulator.Build.0 = Debug|Any CPU
		{F701727A-E2E7-4C6C-A53E-725DE47D4E70}.Debug|x64.ActiveCfg = Debug|Any CPU
		{F701727A-E2E7-4C6C-A53E-725DE47D4E70}.Debug|x64.Build.0 = Debug|Any CPU
		{F701727A-E2E7-4C6C-A53E-725DE47D4E70}.Debug|x86.ActiveCfg = Debug|Any CPU
		{F701727A-E2E7-4C6C-A53E-725DE47D4E70}.Debug|x86.Build.0 = Debug|Any CPU
		{F701727A-E2E7-4C6C-A53E-725DE47D4E70}.Release|Any CPU.ActiveCfg = Release|Any CPU
		{F701727A-E2E7-4C6C-A53E-725DE47D4E70}.Release|Any CPU.Build.0 = Release|Any CPU
		{F701727A-E2E7-4C6C-A53E-725DE47D4E70}.Release|ARM.ActiveCfg = Release|Any CPU
		{F701727A-E2E7-4C6C-A53E-725DE47D4E70}.Release|ARM.Build.0 = Release|Any CPU
		{F701727A-E2E7-4C6C-A53E-725DE47D4E70}.Release|iPhone.ActiveCfg = Release|Any CPU
		{F701727A-E2E7-4C6C-A53E-725DE47D4E70}.Release|iPhone.Build.0 = Release|Any CPU
		{F701727A-E2E7-4C6C-A53E-725DE47D4E70}.Release|iPhoneSimulator.ActiveCfg = Release|Any CPU
		{F701727A-E2E7-4C6C-A53E-725DE47D4E70}.Release|iPhoneSimulator.Build.0 = Release|Any CPU
		{F701727A-E2E7-4C6C-A53E-725DE47D4E70}.Release|x64.ActiveCfg = Release|Any CPU
		{F701727A-E2E7-4C6C-A53E-725DE47D4E70}.Release|x64.Build.0 = Release|Any CPU
		{F701727A-E2E7-4C6C-A53E-725DE47D4E70}.Release|x86.ActiveCfg = Release|Any CPU
		{F701727A-E2E7-4C6C-A53E-725DE47D4E70}.Release|x86.Build.0 = Release|Any CPU
		{13DCF8A2-D8A6-4E01-9765-58B571619DFC}.Debug|Any CPU.ActiveCfg = Debug|Any CPU
		{13DCF8A2-D8A6-4E01-9765-58B571619DFC}.Debug|Any CPU.Build.0 = Debug|Any CPU
		{13DCF8A2-D8A6-4E01-9765-58B571619DFC}.Debug|ARM.ActiveCfg = Debug|Any CPU
		{13DCF8A2-D8A6-4E01-9765-58B571619DFC}.Debug|ARM.Build.0 = Debug|Any CPU
		{13DCF8A2-D8A6-4E01-9765-58B571619DFC}.Debug|iPhone.ActiveCfg = Debug|Any CPU
		{13DCF8A2-D8A6-4E01-9765-58B571619DFC}.Debug|iPhone.Build.0 = Debug|Any CPU
		{13DCF8A2-D8A6-4E01-9765-58B571619DFC}.Debug|iPhoneSimulator.ActiveCfg = Debug|Any CPU
		{13DCF8A2-D8A6-4E01-9765-58B571619DFC}.Debug|iPhoneSimulator.Build.0 = Debug|Any CPU
		{13DCF8A2-D8A6-4E01-9765-58B571619DFC}.Debug|x64.ActiveCfg = Debug|Any CPU
		{13DCF8A2-D8A6-4E01-9765-58B571619DFC}.Debug|x64.Build.0 = Debug|Any CPU
		{13DCF8A2-D8A6-4E01-9765-58B571619DFC}.Debug|x86.ActiveCfg = Debug|Any CPU
		{13DCF8A2-D8A6-4E01-9765-58B571619DFC}.Debug|x86.Build.0 = Debug|Any CPU
		{13DCF8A2-D8A6-4E01-9765-58B571619DFC}.Release|Any CPU.ActiveCfg = Release|Any CPU
		{13DCF8A2-D8A6-4E01-9765-58B571619DFC}.Release|Any CPU.Build.0 = Release|Any CPU
		{13DCF8A2-D8A6-4E01-9765-58B571619DFC}.Release|ARM.ActiveCfg = Release|Any CPU
		{13DCF8A2-D8A6-4E01-9765-58B571619DFC}.Release|ARM.Build.0 = Release|Any CPU
		{13DCF8A2-D8A6-4E01-9765-58B571619DFC}.Release|iPhone.ActiveCfg = Release|Any CPU
		{13DCF8A2-D8A6-4E01-9765-58B571619DFC}.Release|iPhone.Build.0 = Release|Any CPU
		{13DCF8A2-D8A6-4E01-9765-58B571619DFC}.Release|iPhoneSimulator.ActiveCfg = Release|Any CPU
		{13DCF8A2-D8A6-4E01-9765-58B571619DFC}.Release|iPhoneSimulator.Build.0 = Release|Any CPU
		{13DCF8A2-D8A6-4E01-9765-58B571619DFC}.Release|x64.ActiveCfg = Release|Any CPU
		{13DCF8A2-D8A6-4E01-9765-58B571619DFC}.Release|x64.Build.0 = Release|Any CPU
		{13DCF8A2-D8A6-4E01-9765-58B571619DFC}.Release|x86.ActiveCfg = Release|Any CPU
		{13DCF8A2-D8A6-4E01-9765-58B571619DFC}.Release|x86.Build.0 = Release|Any CPU
	EndGlobalSection
	GlobalSection(SolutionProperties) = preSolution
		HideSolutionNode = FALSE
	EndGlobalSection
	GlobalSection(NestedProjects) = preSolution
		{546A0878-2043-4DA5-B67D-7D55153BF42F} = {9A2C4C4E-D0A3-46ED-8F75-51DE1110CA36}
		{1AA77350-E557-43A7-886D-5F818E7E82E1} = {9A2C4C4E-D0A3-46ED-8F75-51DE1110CA36}
		{E2DF2EA7-1B60-4749-B135-177CB436F59A} = {9A2C4C4E-D0A3-46ED-8F75-51DE1110CA36}
		{0572FD6F-8F1E-428A-9FA2-6F4914F5F99B} = {9A2C4C4E-D0A3-46ED-8F75-51DE1110CA36}
		{F06E2668-E5DB-4783-A8E4-8B42302C08A0} = {6958156D-AEEA-4E48-9D85-12EBE9455C70}
		{1599E438-54D3-4FB5-832F-7121A6C2B3A4} = {647AD50F-12EC-461D-ACC6-FDFEFBD4D81D}
		{03501C91-36AF-4C92-9C63-D659E62C661A} = {647AD50F-12EC-461D-ACC6-FDFEFBD4D81D}
		{CDDA54F7-3B49-4968-BA83-2F78E996C773} = {2C165B32-BEF8-46D8-80AE-1414887C8283}
		{5F33DD1E-68DB-4C65-8C6A-2BEE1F3CD9D1} = {2C165B32-BEF8-46D8-80AE-1414887C8283}
		{3694F0C6-DDCD-49E1-9D14-21C7AC9D88F2} = {CA487090-36C0-4EF6-8E28-BBE2E272EB71}
		{42A1E01B-C3B9-4C12-9180-3F60344103EA} = {5DFD3DB3-3F05-4018-9034-71D2EC2F656B}
		{AFB8E697-DBC4-4C78-AD7D-6D6ABF859F75} = {5DFD3DB3-3F05-4018-9034-71D2EC2F656B}
		{B40145D4-78B0-4D65-A502-A16AEEA2BA59} = {5DFD3DB3-3F05-4018-9034-71D2EC2F656B}
		{F701727A-E2E7-4C6C-A53E-725DE47D4E70} = {5DFD3DB3-3F05-4018-9034-71D2EC2F656B}
		{13DCF8A2-D8A6-4E01-9765-58B571619DFC} = {40CEB5A0-C42D-4801-B470-C497B183EE16}
	EndGlobalSection
	GlobalSection(ExtensibilityGlobals) = postSolution
		SolutionGuid = {6DCA0696-0DD5-4784-A0F6-C29964B1E789}
	EndGlobalSection
EndGlobal
